
Microsoft Visual Studio Solution File, Format Version 12.00
# Visual Studio Version 17
VisualStudioVersion = 17.13.35806.99
MinimumVisualStudioVersion = 10.0.40219.1
Project("{FAE04EC0-301F-11D3-BF4B-00C04F79EFBC}") = "HelloWorld", "HelloWorld\HelloWorld.csproj", "{4864A971-F642-42DF-9CC7-7A2445B3408F}"
EndProject
Project("{FAE04EC0-301F-11D3-BF4B-00C04F79EFBC}") = "NullablesApp", "NullablesApp\NullablesApp.csproj", "{993C729E-8E7E-4E99-BD11-BC3F304F2B73}"
EndProject
Global
	GlobalSection(SolutionConfigurationPlatforms) = preSolution
		Debug|Any CPU = Debug|Any CPU
		Release|Any CPU = Release|Any CPU
	EndGlobalSection
	GlobalSection(ProjectConfigurationPlatforms) = postSolution
		{4864A971-F642-42DF-9CC7-7A2445B3408F}.Debug|Any CPU.ActiveCfg = Debug|Any CPU
		{4864A971-F642-42DF-9CC7-7A2445B3408F}.Debug|Any CPU.Build.0 = Debug|Any CPU
		{4864A971-F642-42DF-9CC7-7A2445B3408F}.Release|Any CPU.ActiveCfg = Release|Any CPU
		{4864A971-F642-42DF-9CC7-7A2445B3408F}.Release|Any CPU.Build.0 = Release|Any CPU
		{993C729E-8E7E-4E99-BD11-BC3F304F2B73}.Debug|Any CPU.ActiveCfg = Debug|Any CPU
		{993C729E-8E7E-4E99-BD11-BC3F304F2B73}.Debug|Any CPU.Build.0 = Debug|Any CPU
		{993C729E-8E7E-4E99-BD11-BC3F304F2B73}.Release|Any CPU.ActiveCfg = Release|Any CPU
		{993C729E-8E7E-4E99-BD11-BC3F304F2B73}.Release|Any CPU.Build.0 = Release|Any CPU
	EndGlobalSection
	GlobalSection(SolutionProperties) = preSolution
		HideSolutionNode = FALSE
	EndGlobalSection
	GlobalSection(ExtensibilityGlobals) = postSolution
		SolutionGuid = {3126056A-ED26-40E5-B1EB-A19E5D3218EE}
	EndGlobalSection
EndGlobal
